
Microsoft Visual Studio Solution File, Format Version 12.00
# Visual Studio Version 17
VisualStudioVersion = 17.13.35828.75
MinimumVisualStudioVersion = 10.0.40219.1
Project("{FAE04EC0-301F-11D3-BF4B-00C04F79EFBC}") = "WebApp", "WebApp\WebApp.csproj", "{F12DA38E-4889-4459-877C-88E596D15302}"
EndProject
Project("{FAE04EC0-301F-11D3-BF4B-00C04F79EFBC}") = "Business", "Business\Business.csproj", "{085F4A96-7042-4673-8774-9C6B60D5528F}"
EndProject
Project("{FAE04EC0-301F-11D3-BF4B-00C04F79EFBC}") = "Data", "Data\Data.csproj", "{D9825B18-3D1D-4CBC-B741-858228F3AFDF}"
EndProject
Global
	GlobalSection(SolutionConfigurationPlatforms) = preSolution
		Debug|Any CPU = Debug|Any CPU
		Release|Any CPU = Release|Any CPU
	EndGlobalSection
	GlobalSection(ProjectConfigurationPlatforms) = postSolution
		{F12DA38E-4889-4459-877C-88E596D15302}.Debug|Any CPU.ActiveCfg = Debug|Any CPU
		{F12DA38E-4889-4459-877C-88E596D15302}.Debug|Any CPU.Build.0 = Debug|Any CPU
		{F12DA38E-4889-4459-877C-88E596D15302}.Release|Any CPU.ActiveCfg = Release|Any CPU
		{F12DA38E-4889-4459-877C-88E596D15302}.Release|Any CPU.Build.0 = Release|Any CPU
		{085F4A96-7042-4673-8774-9C6B60D5528F}.Debug|Any CPU.ActiveCfg = Debug|Any CPU
		{085F4A96-7042-4673-8774-9C6B60D5528F}.Debug|Any CPU.Build.0 = Debug|Any CPU
		{085F4A96-7042-4673-8774-9C6B60D5528F}.Release|Any CPU.ActiveCfg = Release|Any CPU
		{085F4A96-7042-4673-8774-9C6B60D5528F}.Release|Any CPU.Build.0 = Release|Any CPU
		{D9825B18-3D1D-4CBC-B741-858228F3AFDF}.Debug|Any CPU.ActiveCfg = Debug|Any CPU
		{D9825B18-3D1D-4CBC-B741-858228F3AFDF}.Debug|Any CPU.Build.0 = Debug|Any CPU
		{D9825B18-3D1D-4CBC-B741-858228F3AFDF}.Release|Any CPU.ActiveCfg = Release|Any CPU
		{D9825B18-3D1D-4CBC-B741-858228F3AFDF}.Release|Any CPU.Build.0 = Release|Any CPU
	EndGlobalSection
	GlobalSection(SolutionProperties) = preSolution
		HideSolutionNode = FALSE
	EndGlobalSection
	GlobalSection(ExtensibilityGlobals) = postSolution
		SolutionGuid = {FFF71C8A-89D5-41B8-A3B8-10EEE7CE5244}
	EndGlobalSection
EndGlobal
